
Microsoft Visual Studio Solution File, Format Version 12.00
# Visual Studio Version 17
VisualStudioVersion = 17.11.35303.130
MinimumVisualStudioVersion = 10.0.40219.1
Project("{FAE04EC0-301F-11D3-BF4B-00C04F79EFBC}") = "rgb", "rgb.csproj", "{F7158BB3-2221-46F3-8168-981B3692631B}"
EndProject
Global
	GlobalSection(SolutionConfigurationPlatforms) = preSolution
		Debug|Any CPU = Debug|Any CPU
		Release|Any CPU = Release|Any CPU
	EndGlobalSection
	GlobalSection(ProjectConfigurationPlatforms) = postSolution
		{F7158BB3-2221-46F3-8168-981B3692631B}.Debug|Any CPU.ActiveCfg = Debug|Any CPU
		{F7158BB3-2221-46F3-8168-981B3692631B}.Debug|Any CPU.Build.0 = Debug|Any CPU
		{F7158BB3-2221-46F3-8168-981B3692631B}.Release|Any CPU.ActiveCfg = Release|Any CPU
		{F7158BB3-2221-46F3-8168-981B3692631B}.Release|Any CPU.Build.0 = Release|Any CPU
	EndGlobalSection
	GlobalSection(SolutionProperties) = preSolution
		HideSolutionNode = FALSE
	EndGlobalSection
	GlobalSection(ExtensibilityGlobals) = postSolution
		SolutionGuid = {C2C7BB20-252B-441D-B05F-1B04D370A3E6}
	EndGlobalSection
EndGlobal
