
Microsoft Visual Studio Solution File, Format Version 12.00
# Visual Studio Version 17
VisualStudioVersion = 17.11.35303.130
MinimumVisualStudioVersion = 10.0.40219.1
Project("{FAE04EC0-301F-11D3-BF4B-00C04F79EFBC}") = "jelado", "jelado.csproj", "{7096B388-5B6B-4FE6-8270-6EEA29EDEDDE}"
EndProject
Global
	GlobalSection(SolutionConfigurationPlatforms) = preSolution
		Debug|Any CPU = Debug|Any CPU
		Release|Any CPU = Release|Any CPU
	EndGlobalSection
	GlobalSection(ProjectConfigurationPlatforms) = postSolution
		{7096B388-5B6B-4FE6-8270-6EEA29EDEDDE}.Debug|Any CPU.ActiveCfg = Debug|Any CPU
		{7096B388-5B6B-4FE6-8270-6EEA29EDEDDE}.Debug|Any CPU.Build.0 = Debug|Any CPU
		{7096B388-5B6B-4FE6-8270-6EEA29EDEDDE}.Release|Any CPU.ActiveCfg = Release|Any CPU
		{7096B388-5B6B-4FE6-8270-6EEA29EDEDDE}.Release|Any CPU.Build.0 = Release|Any CPU
	EndGlobalSection
	GlobalSection(SolutionProperties) = preSolution
		HideSolutionNode = FALSE
	EndGlobalSection
	GlobalSection(ExtensibilityGlobals) = postSolution
		SolutionGuid = {F6441FB6-6927-4DBD-B2EF-88A60C6E3B8C}
	EndGlobalSection
EndGlobal
